
Microsoft Visual Studio Solution File, Format Version 12.00
# Visual Studio Version 17
VisualStudioVersion = 17.5.33530.505
MinimumVisualStudioVersion = 10.0.40219.1
Project("{FAE04EC0-301F-11D3-BF4B-00C04F79EFBC}") = "BasicCrud", "BasicCrud\BasicCrud.csproj", "{0F409E97-5DFD-4206-A1B2-47EE595717F8}"
EndProject
Global
	GlobalSection(SolutionConfigurationPlatforms) = preSolution
		Debug|Any CPU = Debug|Any CPU
		Release|Any CPU = Release|Any CPU
	EndGlobalSection
	GlobalSection(ProjectConfigurationPlatforms) = postSolution
		{0F409E97-5DFD-4206-A1B2-47EE595717F8}.Debug|Any CPU.ActiveCfg = Debug|Any CPU
		{0F409E97-5DFD-4206-A1B2-47EE595717F8}.Debug|Any CPU.Build.0 = Debug|Any CPU
		{0F409E97-5DFD-4206-A1B2-47EE595717F8}.Release|Any CPU.ActiveCfg = Release|Any CPU
		{0F409E97-5DFD-4206-A1B2-47EE595717F8}.Release|Any CPU.Build.0 = Release|Any CPU
	EndGlobalSection
	GlobalSection(SolutionProperties) = preSolution
		HideSolutionNode = FALSE
	EndGlobalSection
	GlobalSection(ExtensibilityGlobals) = postSolution
		SolutionGuid = {70418E03-D350-4D5E-9D2A-DF13C77D1342}
	EndGlobalSection
EndGlobal
